version = 1
revision = 3
requires-python = ">=3.12"

[[package]]
name = "annotated-types"
version = "0.7.0"
source = { registry = "https://pypi.tuna.tsinghua.edu.cn/simple" }
sdist = { url = "https://pypi.tuna.tsinghua.edu.cn/packages/ee/67/531ea369ba64dcff5ec9c3402f9f51bf748cec26dde048a2f973a4eea7f5/annotated_types-0.7.0.tar.gz", hash = "sha256:aff07c09a53a08bc8cfccb9c85b05f1aa9a2a6f23728d790723543408344ce89", size = 16081, upload-time = "2024-05-20T21:33:25.928Z" }
wheels = [
    { url = "https://pypi.tuna.tsinghua.edu.cn/packages/78/b6/6307fbef88d9b5ee7421e68d78a9f162e0da4900bc5f5793f6d3d0e34fb8/annotated_types-0.7.0-py3-none-any.whl", hash = "sha256:1f02e8b43a8fbbc3f3e0d4f0f4bfc8131bcb4eebe8849b8e5c773f3a1c582a53", size = 13643, upload-time = "2024-05-20T21:33:24.1Z" },
]

[[package]]
name = "anyio"
version = "4.12.1"
source = { registry = "https://pypi.tuna.tsinghua.edu.cn/simple" }
dependencies = [
    { name = "idna" },
    { name = "typing-extensions", marker = "python_full_version < '3.13'" },
]
sdist = { url = "https://pypi.tuna.tsinghua.edu.cn/packages/96/f0/5eb65b2bb0d09ac6776f2eb54adee6abe8228ea05b20a5ad0e4945de8aac/anyio-4.12.1.tar.gz", hash = "sha256:41cfcc3a4c85d3f05c932da7c26d0201ac36f72abd4435ba90d0464a3ffed703", size = 228685, upload-time = "2026-01-06T11:45:21.246Z" }
wheels = [
    { url = "https://pypi.tuna.tsinghua.edu.cn/packages/38/0e/27be9fdef66e72d64c0cdc3cc2823101b80585f8119b5c112c2e8f5f7dab/anyio-4.12.1-py3-none-any.whl", hash = "sha256:d405828884fc140aa80a3c667b8beed277f1dfedec42ba031bd6ac3db606ab6c", size = 113592, upload-time = "2026-01-06T11:45:19.497Z" },
]

[[package]]
name = "certifi"
version = "2026.1.4"
source = { registry = "https://pypi.tuna.tsinghua.edu.cn/simple" }
sdist = { url = "https://pypi.tuna.tsinghua.edu.cn/packages/e0/2d/a891ca51311197f6ad14a7ef42e2399f36cf2f9bd44752b3dc4eab60fdc5/certifi-2026.1.4.tar.gz", hash = "sha256:ac726dd470482006e014ad384921ed6438c457018f4b3d204aea4281258b2120", size = 154268, upload-time = "2026-01-04T02:42:41.825Z" }
wheels = [
    { url = "https://pypi.tuna.tsinghua.edu.cn/packages/e6/ad/3cc14f097111b4de0040c83a525973216457bbeeb63739ef1ed275c1c021/certifi-2026.1.4-py3-none-any.whl", hash = "sha256:9943707519e4add1115f44c2bc244f782c0249876bf51b6599fee1ffbedd685c", size = 152900, upload-time = "2026-01-04T02:42:40.15Z" },
]

[[package]]
name = "click"
version = "8.3.1"
source = { registry = "https://pypi.tuna.tsinghua.edu.cn/simple" }
dependencies = [
    { name = "colorama", marker = "sys_platform == 'win32'" },
]
sdist = { url = "https://pypi.tuna.tsinghua.edu.cn/packages/3d/fa/656b739db8587d7b5dfa22e22ed02566950fbfbcdc20311993483657a5c0/click-8.3.1.tar.gz", hash = "sha256:12ff4785d337a1bb490bb7e9c2b1ee5da3112e94a8622f26a6c77f5d2fc6842a", size = 295065, upload-time = "2025-11-15T20:45:42.706Z" }
wheels = [
    { url = "https://pypi.tuna.tsinghua.edu.cn/packages/98/78/01c019cdb5d6498122777c1a43056ebb3ebfeef2076d9d026bfe15583b2b/click-8.3.1-py3-none-any.whl", hash = "sha256:981153a64e25f12d547d3426c367a4857371575ee7ad18df2a6183ab0545b2a6", size = 108274, upload-time = "2025-11-15T20:45:41.139Z" },
]

[[package]]
name = "colorama"
version = "0.4.6"
source = { registry = "https://pypi.tuna.tsinghua.edu.cn/simple" }
sdist = { url = "https://pypi.tuna.tsinghua.edu.cn/packages/d8/53/6f443c9a4a8358a93a6792e2acffb9d9d5cb0a5cfd8802644b7b1c9a02e4/colorama-0.4.6.tar.gz", hash = "sha256:08695f5cb7ed6e0531a20572697297273c47b8cae5a63ffc6d6ed5c201be6e44", size = 27697, upload-time = "2022-10-25T02:36:22.414Z" }
wheels = [
    { url = "https://pypi.tuna.tsinghua.edu.cn/packages/d1/d6/3965ed04c63042e047cb6a3e6ed1a63a35087b6a609aa3a15ed8ac56c221/colorama-0.4.6-py2.py3-none-any.whl", hash = "sha256:4f1d9991f5acc0ca119f9d443620b77f9d6b33703e51011c16baf57afb285fc6", size = 25335, upload-time = "2022-10-25T02:36:20.889Z" },
]

[[package]]
name = "fastapi"
version = "0.109.2"
source = { registry = "https://pypi.tuna.tsinghua.edu.cn/simple" }
dependencies = [
    { name = "pydantic" },
    { name = "starlette" },
    { name = "typing-extensions" },
]
sdist = { url = "https://pypi.tuna.tsinghua.edu.cn/packages/01/d5/33a8992fe0e811211cd1cbc219cefa4732f9fb0555921346a59d1fec0040/fastapi-0.109.2.tar.gz", hash = "sha256:f3817eac96fe4f65a2ebb4baa000f394e55f5fccdaf7f75250804bc58f354f73", size = 11720963, upload-time = "2024-02-04T21:26:10.672Z" }
wheels = [
    { url = "https://pypi.tuna.tsinghua.edu.cn/packages/bf/97/60351307ab4502908d29f64f2801a36709a3f1888447bb328bc373d6ca0e/fastapi-0.109.2-py3-none-any.whl", hash = "sha256:2c9bab24667293b501cad8dd388c05240c850b58ec5876ee3283c47d6e1e3a4d", size = 92071, upload-time = "2024-02-04T21:26:07.478Z" },
]

[[package]]
name = "h11"
version = "0.16.0"
source = { registry = "https://pypi.tuna.tsinghua.edu.cn/simple" }
sdist = { url = "https://pypi.tuna.tsinghua.edu.cn/packages/01/ee/02a2c011bdab74c6fb3c75474d40b3052059d95df7e73351460c8588d963/h11-0.16.0.tar.gz", hash = "sha256:4e35b956cf45792e4caa5885e69fba00bdbc6ffafbfa020300e549b208ee5ff1", size = 101250, upload-time = "2025-04-24T03:35:25.427Z" }
wheels = [
    { url = "https://pypi.tuna.tsinghua.edu.cn/packages/04/4b/29cac41a4d98d144bf5f6d33995617b185d14b22401f75ca86f384e87ff1/h11-0.16.0-py3-none-any.whl", hash = "sha256:63cf8bbe7522de3bf65932fda1d9c2772064ffb3dae62d55932da54b31cb6c86", size = 37515, upload-time = "2025-04-24T03:35:24.344Z" },
]

[[package]]
name = "httpcore"
version = "1.0.9"
source = { registry = "https://pypi.tuna.tsinghua.edu.cn/simple" }
dependencies = [
    { name = "certifi" },
    { name = "h11" },
]
sdist = { url = "https://pypi.tuna.tsinghua.edu.cn/packages/06/94/82699a10bca87a5556c9c59b5963f2d039dbd239f25bc2a63907a05a14cb/httpcore-1.0.9.tar.gz", hash = "sha256:6e34463af53fd2ab5d807f399a9b45ea31c3dfa2276f15a2c3f00afff6e176e8", size = 85484, upload-time = "2025-04-24T22:06:22.219Z" }
wheels = [
    { url = "https://pypi.tuna.tsinghua.edu.cn/packages/7e/f5/f66802a942d491edb555dd61e3a9961140fd64c90bce1eafd741609d334d/httpcore-1.0.9-py3-none-any.whl", hash = "sha256:2d400746a40668fc9dec9810239072b40b4484b640a8c38fd654a024c7a1bf55", size = 78784, upload-time = "2025-04-24T22:06:20.566Z" },
]

[[package]]
name = "httpx"
version = "0.27.0"
source = { registry = "https://pypi.tuna.tsinghua.edu.cn/simple" }
dependencies = [
    { name = "anyio" },
    { name = "certifi" },
    { name = "httpcore" },
    { name = "idna" },
    { name = "sniffio" },
]
sdist = { url = "https://pypi.tuna.tsinghua.edu.cn/packages/5c/2d/3da5bdf4408b8b2800061c339f240c1802f2e82d55e50bd39c5a881f47f0/httpx-0.27.0.tar.gz", hash = "sha256:a0cb88a46f32dc874e04ee956e4c2764aba2aa228f650b06788ba6bda2962ab5", size = 126413, upload-time = "2024-02-21T13:07:52.434Z" }
wheels = [
    { url = "https://pypi.tuna.tsinghua.edu.cn/packages/41/7b/ddacf6dcebb42466abd03f368782142baa82e08fc0c1f8eaa05b4bae87d5/httpx-0.27.0-py3-none-any.whl", hash = "sha256:71d5465162c13681bff01ad59b2cc68dd838ea1f10e51574bac27103f00c91a5", size = 75590, upload-time = "2024-02-21T13:07:50.455Z" },
]

[[package]]
name = "idna"
version = "3.11"
source = { registry = "https://pypi.tuna.tsinghua.edu.cn/simple" }
sdist = { url = "https://pypi.tuna.tsinghua.edu.cn/packages/6f/6d/0703ccc57f3a7233505399edb88de3cbd678da106337b9fcde432b65ed60/idna-3.11.tar.gz", hash = "sha256:795dafcc9c04ed0c1fb032c2aa73654d8e8c5023a7df64a53f39190ada629902", size = 194582, upload-time = "2025-10-12T14:55:20.501Z" }
wheels = [
    { url = "https://pypi.tuna.tsinghua.edu.cn/packages/0e/61/66938bbb5fc52dbdf84594873d5b51fb1f7c7794e9c0f5bd885f30bc507b/idna-3.11-py3-none-any.whl", hash = "sha256:771a87f49d9defaf64091e6e6fe9c18d4833f140bd19464795bc32d966ca37ea", size = 71008, upload-time = "2025-10-12T14:55:18.883Z" },
]

[[package]]
name = "iniconfig"
version = "2.3.0"
source = { registry = "https://pypi.tuna.tsinghua.edu.cn/simple" }
sdist = { url = "https://pypi.tuna.tsinghua.edu.cn/packages/72/34/14ca021ce8e5dfedc35312d08ba8bf51fdd999c576889fc2c24cb97f4f10/iniconfig-2.3.0.tar.gz", hash = "sha256:c76315c77db068650d49c5b56314774a7804df16fee4402c1f19d6d15d8c4730", size = 20503, upload-time = "2025-10-18T21:55:43.219Z" }
wheels = [
    { url = "https://pypi.tuna.tsinghua.edu.cn/packages/cb/b1/3846dd7f199d53cb17f49cba7e651e9ce294d8497c8c150530ed11865bb8/iniconfig-2.3.0-py3-none-any.whl", hash = "sha256:f631c04d2c48c52b84d0d0549c99ff3859c98df65b3101406327ecc7d53fbf12", size = 7484, upload-time = "2025-10-18T21:55:41.639Z" },
]

[[package]]
name = "packaging"
version = "26.0"
source = { registry = "https://pypi.tuna.tsinghua.edu.cn/simple" }
sdist = { url = "https://pypi.tuna.tsinghua.edu.cn/packages/65/ee/299d360cdc32edc7d2cf530f3accf79c4fca01e96ffc950d8a52213bd8e4/packaging-26.0.tar.gz", hash = "sha256:00243ae351a257117b6a241061796684b084ed1c516a08c48a3f7e147a9d80b4", size = 143416, upload-time = "2026-01-21T20:50:39.064Z" }
wheels = [
    { url = "https://pypi.tuna.tsinghua.edu.cn/packages/b7/b9/c538f279a4e237a006a2c98387d081e9eb060d203d8ed34467cc0f0b9b53/packaging-26.0-py3-none-any.whl", hash = "sha256:b36f1fef9334a5588b4166f8bcd26a14e521f2b55e6b9de3aaa80d3ff7a37529", size = 74366, upload-time = "2026-01-21T20:50:37.788Z" },
]

[[package]]
name = "pluggy"
version = "1.6.0"
source = { registry = "https://pypi.tuna.tsinghua.edu.cn/simple" }
sdist = { url = "https://pypi.tuna.tsinghua.edu.cn/packages/f9/e2/3e91f31a7d2b083fe6ef3fa267035b518369d9511ffab804f839851d2779/pluggy-1.6.0.tar.gz", hash = "sha256:7dcc130b76258d33b90f61b658791dede3486c3e6bfb003ee5c9bfb396dd22f3", size = 69412, upload-time = "2025-05-15T12:30:07.975Z" }
wheels = [
    { url = "https://pypi.tuna.tsinghua.edu.cn/packages/54/20/4d324d65cc6d9205fabedc306948156824eb9f0ee1633355a8f7ec5c66bf/pluggy-1.6.0-py3-none-any.whl", hash = "sha256:e920276dd6813095e9377c0bc5566d94c932c33b27a3e3945d8389c374dd4746", size = 20538, upload-time = "2025-05-15T12:30:06.134Z" },
]

[[package]]
name = "pydantic"
version = "2.6.0"
source = { registry = "https://pypi.tuna.tsinghua.edu.cn/simple" }
dependencies = [
    { name = "annotated-types" },
    { name = "pydantic-core" },
    { name = "typing-extensions" },
]
sdist = { url = "https://pypi.tuna.tsinghua.edu.cn/packages/78/6c/87e7c6e46206e27b3037acdf637906c4be500a0b1dd7ccbb805a72b9f494/pydantic-2.6.0.tar.gz", hash = "sha256:ae887bd94eb404b09d86e4d12f93893bdca79d766e738528c6fa1c849f3c6bcf", size = 677208, upload-time = "2024-01-29T14:39:05.927Z" }
wheels = [
    { url = "https://pypi.tuna.tsinghua.edu.cn/packages/e4/37/3ffe6e7daa1ea1b4bf5228807a92ccbae538cf57c0c50b93564c310c11a8/pydantic-2.6.0-py3-none-any.whl", hash = "sha256:1440966574e1b5b99cf75a13bec7b20e3512e8a61b894ae252f56275e2c465ae", size = 394201, upload-time = "2024-01-29T14:39:01.673Z" },
]

[[package]]
name = "pydantic-core"
version = "2.16.1"
source = { registry = "https://pypi.tuna.tsinghua.edu.cn/simple" }
dependencies = [
    { name = "typing-extensions" },
]
sdist = { url = "https://pypi.tuna.tsinghua.edu.cn/packages/a0/a7/61d013c73773bb03d02de9de8e4e5b2ed2c100dc98ae7046d54485ecf5d4/pydantic_core-2.16.1.tar.gz", hash = "sha256:daff04257b49ab7f4b3f73f98283d3dbb1a65bf3500d55c7beac3c66c310fe34", size = 368201, upload-time = "2024-01-19T13:13:18.107Z" }
wheels = [
    { url = "https://pypi.tuna.tsinghua.edu.cn/packages/82/8f/d83953f652b0048fd8be62b6eabed7e3397008b6d050bd080ab78d3e6d14/pydantic_core-2.16.1-cp312-cp312-macosx_10_12_x86_64.whl", hash = "sha256:0f478ec204772a5c8218e30eb813ca43e34005dff2eafa03931b3d8caef87d51", size = 1868275, upload-time = "2024-01-19T13:11:05.114Z" },
    { url = "https://pypi.tuna.tsinghua.edu.cn/packages/c1/33/f627f1d31f7986ade7396237a8b5904c629837878978e9eeb400f85b3e29/pydantic_core-2.16.1-cp312-cp312-macosx_11_0_arm64.whl", hash = "sha256:f1936ef138bed2165dd8573aa65e3095ef7c2b6247faccd0e15186aabdda7f66", size = 1718240, upload-time = "2024-01-19T13:11:07.22Z" },
    { url = "https://pypi.tuna.tsinghua.edu.cn/packages/f5/7e/1bcd8ce164868c40d841528f92e5f1f5a1a6cb705a063c425cd00f8b1eef/pydantic_core-2.16.1-cp312-cp312-manylinux_2_17_aarch64.manylinux2014_aarch64.whl", hash = "sha256:99d3a433ef5dc3021c9534a58a3686c88363c591974c16c54a01af7efd741f13", size = 1873433, upload-time = "2024-01-19T13:11:09.345Z" },
    { url = "https://pypi.tuna.tsinghua.edu.cn/packages/32/aa/f5d9139609e30a6f174c6d6c8f3f64aafaf6f43dab7974b8642a10d08758/pydantic_core-2.16.1-cp312-cp312-manylinux_2_17_armv7l.manylinux2014_armv7l.whl", hash = "sha256:bd88f40f2294440d3f3c6308e50d96a0d3d0973d6f1a5732875d10f569acef49", size = 1875493, upload-time = "2024-01-19T13:11:11.167Z" },
    { url = "https://pypi.tuna.tsinghua.edu.cn/packages/39/25/46cef345a191d8d6c6458420029ce25edfbe96833075d3a474ae2aeae106/pydantic_core-2.16.1-cp312-cp312-manylinux_2_17_ppc64le.manylinux2014_ppc64le.whl", hash = "sha256:3fac641bbfa43d5a1bed99d28aa1fded1984d31c670a95aac1bf1d36ac6ce137", size = 2046585, upload-time = "2024-01-19T13:11:13.134Z" },
    { url = "https://pypi.tuna.tsinghua.edu.cn/packages/62/2d/2c9af3e66486b7159ab2f05712e2d46fc7ee29e2cbd7f4e5e1feaac48e12/pydantic_core-2.16.1-cp312-cp312-manylinux_2_17_s390x.manylinux2014_s390x.whl", hash = "sha256:72bf9308a82b75039b8c8edd2be2924c352eda5da14a920551a8b65d5ee89253", size = 3077749, upload-time = "2024-01-19T13:11:15.1Z" },
    { url = "https://pypi.tuna.tsinghua.edu.cn/packages/86/61/55607ffc05fc1caac9b6754552bc907c4af469f5585cb3599aa855865923/pydantic_core-2.16.1-cp312-cp312-manylinux_2_17_x86_64.manylinux2014_x86_64.whl", hash = "sha256:fb4363e6c9fc87365c2bc777a1f585a22f2f56642501885ffc7942138499bf54", size = 2179456, upload-time = "2024-01-19T13:11:17.806Z" },
    { url = "https://pypi.tuna.tsinghua.edu.cn/packages/2b/64/383663f04e58333fe15b30da863fe28a76f00b676dded6f4b6f1c23fc9c5/pydantic_core-2.16.1-cp312-cp312-manylinux_2_5_i686.manylinux1_i686.whl", hash = "sha256:20f724a023042588d0f4396bbbcf4cffd0ddd0ad3ed4f0d8e6d4ac4264bae81e", size = 1953184, upload-time = "2024-01-19T13:11:20.052Z" },
    { url = "https://pypi.tuna.tsinghua.edu.cn/packages/be/cd/3a975ba2bd4493a5bae904891d5239fa3e8dd59be39b1845d3361e1a412e/pydantic_core-2.16.1-cp312-cp312-musllinux_1_1_aarch64.whl", hash = "sha256:fb4370b15111905bf8b5ba2129b926af9470f014cb0493a67d23e9d7a48348e8", size = 2052616, upload-time = "2024-01-19T13:11:22.547Z" },
    { url = "https://pypi.tuna.tsinghua.edu.cn/packages/ac/5e/b26ef5ba2266b4dd6fd93964c1923f32032034100cfed167f2f85df7a3da/pydantic_core-2.16.1-cp312-cp312-musllinux_1_1_x86_64.whl", hash = "sha256:23632132f1fd608034f1a56cc3e484be00854db845b3a4a508834be5a6435a6f", size = 2172342, upload-time = "2024-01-19T13:11:24.491Z" },
    { url = "https://pypi.tuna.tsinghua.edu.cn/packages/39/81/fce7fcd7f877ab56c2e677366da41abdd3071dcc6592354bc96f0135c43a/pydantic_core-2.16.1-cp312-none-win32.whl", hash = "sha256:b9f3e0bffad6e238f7acc20c393c1ed8fab4371e3b3bc311020dfa6020d99212", size = 1764252, upload-time = "2024-01-19T13:11:26.369Z" },
    { url = "https://pypi.tuna.tsinghua.edu.cn/packages/ab/de/32c35c9d84652da17673357295d19016cc4768fea0dd071d8c09ca4cacbb/pydantic_core-2.16.1-cp312-none-win_amd64.whl", hash = "sha256:a0b4cfe408cd84c53bab7d83e4209458de676a6ec5e9c623ae914ce1cb79b96f", size = 1881165, upload-time = "2024-01-19T13:11:28.259Z" },
    { url = "https://pypi.tuna.tsinghua.edu.cn/packages/61/db/78cafc630e4b3193c5a702ae20916349f5f0ef5bdaa918565549f3160059/pydantic_core-2.16.1-cp312-none-win_arm64.whl", hash = "sha256:d195add190abccefc70ad0f9a0141ad7da53e16183048380e688b466702195dd", size = 1853531, upload-time = "2024-01-19T13:11:30.057Z" },
]

[[package]]
name = "pytest"
version = "8.0.1"
source = { registry = "https://pypi.tuna.tsinghua.edu.cn/simple" }
dependencies = [
    { name = "colorama", marker = "sys_platform == 'win32'" },
    { name = "iniconfig" },
    { name = "packaging" },
    { name = "pluggy" },
]
sdist = { url = "https://pypi.tuna.tsinghua.edu.cn/packages/57/93/429cffe6e4b45ef6ef392a30a090a7a431088417fb75f9bc142f4c24f23b/pytest-8.0.1.tar.gz", hash = "sha256:267f6563751877d772019b13aacbe4e860d73fe8f651f28112e9ac37de7513ae", size = 1396338, upload-time = "2024-02-16T22:08:29.682Z" }
wheels = [
    { url = "https://pypi.tuna.tsinghua.edu.cn/packages/2e/28/30125a808a2448d72fdba26d01ef2bec76a3c860c8694b636e6104e38713/pytest-8.0.1-py3-none-any.whl", hash = "sha256:3e4f16fe1c0a9dc9d9389161c127c3edc5d810c38d6793042fb81d9f48a59fca", size = 333965, upload-time = "2024-02-16T22:08:26.807Z" },
]

[[package]]
name = "python-dateutil"
version = "2.8.2"
source = { registry = "https://pypi.tuna.tsinghua.edu.cn/simple" }
dependencies = [
    { name = "six" },
]
sdist = { url = "https://pypi.tuna.tsinghua.edu.cn/packages/4c/c4/13b4776ea2d76c115c1d1b84579f3764ee6d57204f6be27119f13a61d0a9/python-dateutil-2.8.2.tar.gz", hash = "sha256:0123cacc1627ae19ddf3c27a5de5bd67ee4586fbdd6440d9748f8abb483d3e86", size = 357324, upload-time = "2021-07-14T08:19:19.783Z" }
wheels = [
    { url = "https://pypi.tuna.tsinghua.edu.cn/packages/36/7a/87837f39d0296e723bb9b62bbb257d0355c7f6128853c78955f57342a56d/python_dateutil-2.8.2-py2.py3-none-any.whl", hash = "sha256:961d03dc3453ebbc59dbdea9e4e11c5651520a876d0f4db161e8674aae935da9", size = 247702, upload-time = "2021-07-14T08:19:18.161Z" },
]

[[package]]
name = "six"
version = "1.17.0"
source = { registry = "https://pypi.tuna.tsinghua.edu.cn/simple" }
sdist = { url = "https://pypi.tuna.tsinghua.edu.cn/packages/94/e7/b2c673351809dca68a0e064b6af791aa332cf192da575fd474ed7d6f16a2/six-1.17.0.tar.gz", hash = "sha256:ff70335d468e7eb6ec65b95b99d3a2836546063f63acc5171de367e834932a81", size = 34031, upload-time = "2024-12-04T17:35:28.174Z" }
wheels = [
    { url = "https://pypi.tuna.tsinghua.edu.cn/packages/b7/ce/149a00dd41f10bc29e5921b496af8b574d8413afcd5e30dfa0ed46c2cc5e/six-1.17.0-py2.py3-none-any.whl", hash = "sha256:4721f391ed90541fddacab5acf947aa0d3dc7d27b2e1e8eda2be8970586c3274", size = 11050, upload-time = "2024-12-04T17:35:26.475Z" },
]

[[package]]
name = "sniffio"
version = "1.3.1"
source = { registry = "https://pypi.tuna.tsinghua.edu.cn/simple" }
sdist = { url = "https://pypi.tuna.tsinghua.edu.cn/packages/a2/87/a6771e1546d97e7e041b6ae58d80074f81b7d5121207425c964ddf5cfdbd/sniffio-1.3.1.tar.gz", hash = "sha256:f4324edc670a0f49750a81b895f35c3adb843cca46f0530f79fc1babb23789dc", size = 20372, upload-time = "2024-02-25T23:20:04.057Z" }
wheels = [
    { url = "https://pypi.tuna.tsinghua.edu.cn/packages/e9/44/75a9c9421471a6c4805dbf2356f7c181a29c1879239abab1ea2cc8f38b40/sniffio-1.3.1-py3-none-any.whl", hash = "sha256:2f6da418d1f1e0fddd844478f41680e794e6051915791a034ff65e5f100525a2", size = 10235, upload-time = "2024-02-25T23:20:01.196Z" },
]

[[package]]
name = "starlette"
version = "0.36.3"
source = { registry = "https://pypi.tuna.tsinghua.edu.cn/simple" }
dependencies = [
    { name = "anyio" },
]
sdist = { url = "https://pypi.tuna.tsinghua.edu.cn/packages/be/47/1bba49d42d63f4453f0a64a20acbf2d0bd2f5a8cde6a166ee66c074a08f8/starlette-0.36.3.tar.gz", hash = "sha256:90a671733cfb35771d8cc605e0b679d23b992f8dcfad48cc60b38cb29aeb7080", size = 2842113, upload-time = "2024-02-04T18:16:24.95Z" }
wheels = [
    { url = "https://pypi.tuna.tsinghua.edu.cn/packages/eb/f7/372e3953b6e6fbfe0b70a1bb52612eae16e943f4288516480860fcd4ac41/starlette-0.36.3-py3-none-any.whl", hash = "sha256:13d429aa93a61dc40bf503e8c801db1f1bca3dc706b10ef2434a36123568f044", size = 71481, upload-time = "2024-02-04T18:16:21.392Z" },
]

[[package]]
name = "typing-extensions"
version = "4.15.0"
source = { registry = "https://pypi.tuna.tsinghua.edu.cn/simple" }
sdist = { url = "https://pypi.tuna.tsinghua.edu.cn/packages/72/94/1a15dd82efb362ac84269196e94cf00f187f7ed21c242792a923cdb1c61f/typing_extensions-4.15.0.tar.gz", hash = "sha256:0cea48d173cc12fa28ecabc3b837ea3cf6f38c6d1136f85cbaaf598984861466", size = 109391, upload-time = "2025-08-25T13:49:26.313Z" }
wheels = [
    { url = "https://pypi.tuna.tsinghua.edu.cn/packages/18/67/36e9267722cc04a6b9f15c7f3441c2363321a3ea07da7ae0c0707beb2a9c/typing_extensions-4.15.0-py3-none-any.whl", hash = "sha256:f0fa19c6845758ab08074a0cfa8b7aecb71c999ca73d62883bc25cc018c4e548", size = 44614, upload-time = "2025-08-25T13:49:24.86Z" },
]

[[package]]
name = "uvicorn"
version = "0.27.0"
source = { registry = "https://pypi.tuna.tsinghua.edu.cn/simple" }
dependencies = [
    { name = "click" },
    { name = "h11" },
]
sdist = { url = "https://pypi.tuna.tsinghua.edu.cn/packages/52/75/9cf554ed256d8bcdf3a9bb831b599c4e48e4e5993931fb512f75e529ece4/uvicorn-0.27.0.tar.gz", hash = "sha256:c855578045d45625fd027367f7653d249f7c49f9361ba15cf9624186b26b8eb6", size = 40963, upload-time = "2024-01-22T20:32:35.679Z" }
wheels = [
    { url = "https://pypi.tuna.tsinghua.edu.cn/packages/ec/00/2555ae5c4c8550ffccf8eea97476750bd1cfc0880b4b3ab7237dff4b01d7/uvicorn-0.27.0-py3-none-any.whl", hash = "sha256:890b00f6c537d58695d3bb1f28e23db9d9e7a17cbcc76d7457c499935f933e24", size = 60648, upload-time = "2024-01-22T20:32:31.148Z" },
]

[[package]]
name = "your-project"
version = "0.1.0"
source = { editable = "." }
dependencies = [
    { name = "fastapi" },
    { name = "pydantic" },
    { name = "python-dateutil" },
    { name = "uvicorn" },
]

[package.optional-dependencies]
dev = [
    { name = "httpx" },
    { name = "pytest" },
]

[package.metadata]
requires-dist = [
    { name = "fastapi", specifier = "==0.109.2" },
    { name = "httpx", marker = "extra == 'dev'", specifier = "==0.27.0" },
    { name = "pydantic", specifier = "==2.6.0" },
    { name = "pytest", marker = "extra == 'dev'", specifier = "==8.0.1" },
    { name = "python-dateutil", specifier = "==2.8.2" },
    { name = "uvicorn", specifier = "==0.27.0" },
]
provides-extras = ["dev"]
